
Microsoft Visual Studio Solution File, Format Version 12.00
# Visual Studio Version 16
VisualStudioVersion = 16.0.31229.75
MinimumVisualStudioVersion = 10.0.40219.1
Project("{FAE04EC0-301F-11D3-BF4B-00C04F79EFBC}") = "BankManagementSystem.App", "BankManagementSystem.App\BankManagementSystem.App.csproj", "{AC2C18BB-6B08-4F59-9F79-2FC4BCFD159E}"
EndProject
Project("{FAE04EC0-301F-11D3-BF4B-00C04F79EFBC}") = "BankManagementSystem.Data", "BankManagementSystem.Data\BankManagementSystem.Data.csproj", "{78C0CEDE-6085-4DCD-9F6F-71B64DDD2018}"
EndProject
Project("{FAE04EC0-301F-11D3-BF4B-00C04F79EFBC}") = "BankManagementSystem.Entity", "BankManagementSystem.Entity\BankManagementSystem.Entity.csproj", "{D35D5D47-0278-4F5B-A271-51DA284D4CB9}"
EndProject
Project("{FAE04EC0-301F-11D3-BF4B-00C04F79EFBC}") = "BankManagementSystem.Repository", "BankManagementSystem.Repository\BankManagementSystem.Repository.csproj", "{C7636558-BD39-4BA4-8F77-F50B8D09D005}"
EndProject
Project("{FAE04EC0-301F-11D3-BF4B-00C04F79EFBC}") = "BankManagementSystem.Framework", "BankManagementSystem.Framework\BankManagementSystem.Framework.csproj", "{DBAEC61A-8EBA-4343-94D3-F0F6B521849B}"
EndProject
Global
	GlobalSection(SolutionConfigurationPlatforms) = preSolution
		Debug|Any CPU = Debug|Any CPU
		Release|Any CPU = Release|Any CPU
	EndGlobalSection
	GlobalSection(ProjectConfigurationPlatforms) = postSolution
		{AC2C18BB-6B08-4F59-9F79-2FC4BCFD159E}.Debug|Any CPU.ActiveCfg = Debug|Any CPU
		{AC2C18BB-6B08-4F59-9F79-2FC4BCFD159E}.Debug|Any CPU.Build.0 = Debug|Any CPU
		{AC2C18BB-6B08-4F59-9F79-2FC4BCFD159E}.Release|Any CPU.ActiveCfg = Release|Any CPU
		{AC2C18BB-6B08-4F59-9F79-2FC4BCFD159E}.Release|Any CPU.Build.0 = Release|Any CPU
		{78C0CEDE-6085-4DCD-9F6F-71B64DDD2018}.Debug|Any CPU.ActiveCfg = Debug|Any CPU
		{78C0CEDE-6085-4DCD-9F6F-71B64DDD2018}.Debug|Any CPU.Build.0 = Debug|Any CPU
		{78C0CEDE-6085-4DCD-9F6F-71B64DDD2018}.Release|Any CPU.ActiveCfg = Release|Any CPU
		{78C0CEDE-6085-4DCD-9F6F-71B64DDD2018}.Release|Any CPU.Build.0 = Release|Any CPU
		{D35D5D47-0278-4F5B-A271-51DA284D4CB9}.Debug|Any CPU.ActiveCfg = Debug|Any CPU
		{D35D5D47-0278-4F5B-A271-51DA284D4CB9}.Debug|Any CPU.Build.0 = Debug|Any CPU
		{D35D5D47-0278-4F5B-A271-51DA284D4CB9}.Release|Any CPU.ActiveCfg = Release|Any CPU
		{D35D5D47-0278-4F5B-A271-51DA284D4CB9}.Release|Any CPU.Build.0 = Release|Any CPU
		{C7636558-BD39-4BA4-8F77-F50B8D09D005}.Debug|Any CPU.ActiveCfg = Debug|Any CPU
		{C7636558-BD39-4BA4-8F77-F50B8D09D005}.Debug|Any CPU.Build.0 = Debug|Any CPU
		{C7636558-BD39-4BA4-8F77-F50B8D09D005}.Release|Any CPU.ActiveCfg = Release|Any CPU
		{C7636558-BD39-4BA4-8F77-F50B8D09D005}.Release|Any CPU.Build.0 = Release|Any CPU
		{DBAEC61A-8EBA-4343-94D3-F0F6B521849B}.Debug|Any CPU.ActiveCfg = Debug|Any CPU
		{DBAEC61A-8EBA-4343-94D3-F0F6B521849B}.Debug|Any CPU.Build.0 = Debug|Any CPU
		{DBAEC61A-8EBA-4343-94D3-F0F6B521849B}.Release|Any CPU.ActiveCfg = Release|Any CPU
		{DBAEC61A-8EBA-4343-94D3-F0F6B521849B}.Release|Any CPU.Build.0 = Release|Any CPU
	EndGlobalSection
	GlobalSection(SolutionProperties) = preSolution
		HideSolutionNode = FALSE
	EndGlobalSection
	GlobalSection(ExtensibilityGlobals) = postSolution
		SolutionGuid = {8EBBCED3-B001-44B0-B75F-82006E312862}
	EndGlobalSection
EndGlobal
